// !$*UTF8*$!
{
	archiveVersion = 1;
	classes = {
	};
	objectVersion = 46;
	objects = {

/* Begin PBXBuildFile section */
		271D6A071C86A28A00036B97 /* LoginViewController.swift in Sources */ = {isa = PBXBuildFile; fileRef = 271D6A061C86A28A00036B97 /* LoginViewController.swift */; };
		273B94591C8695D0002CE44D /* AppDelegate.swift in Sources */ = {isa = PBXBuildFile; fileRef = 273B94581C8695D0002CE44D /* AppDelegate.swift */; };
		273B945B1C8695D0002CE44D /* ViewController.swift in Sources */ = {isa = PBXBuildFile; fileRef = 273B945A1C8695D0002CE44D /* ViewController.swift */; };
		273B945E1C8695D0002CE44D /* Main.storyboard in Resources */ = {isa = PBXBuildFile; fileRef = 273B945C1C8695D0002CE44D /* Main.storyboard */; };
		273B94601C8695D0002CE44D /* Assets.xcassets in Resources */ = {isa = PBXBuildFile; fileRef = 273B945F1C8695D0002CE44D /* Assets.xcassets */; };
		273B94631C8695D0002CE44D /* LaunchScreen.storyboard in Resources */ = {isa = PBXBuildFile; fileRef = 273B94611C8695D0002CE44D /* LaunchScreen.storyboard */; };
		A40FB2D893EC37C20FA93C98 /* Pods_instagramma.framework in Frameworks */ = {isa = PBXBuildFile; fileRef = 92FE2F89F3934836EA634B11 /* Pods_instagramma.framework */; };
/* End PBXBuildFile section */

/* Begin PBXFileReference section */
		271D6A061C86A28A00036B97 /* LoginViewController.swift */ = {isa = PBXFileReference; fileEncoding = 4; lastKnownFileType = sourcecode.swift; path = LoginViewController.swift; sourceTree = "<group>"; };
		273B94551C8695D0002CE44D /* instagramma.app */ = {isa = PBXFileReference; explicitFileType = wrapper.application; includeInIndex = 0; path = instagramma.app; sourceTree = BUILT_PRODUCTS_DIR; };
		273B94581C8695D0002CE44D /* AppDelegate.swift */ = {isa = PBXFileReference; lastKnownFileType = sourcecode.swift; path = AppDelegate.swift; sourceTree = "<group>"; };
		273B945A1C8695D0002CE44D /* ViewController.swift */ = {isa = PBXFileReference; lastKnownFileType = sourcecode.swift; path = ViewController.swift; sourceTree = "<group>"; };
		273B945D1C8695D0002CE44D /* Base */ = {isa = PBXFileReference; lastKnownFileType = file.storyboard; name = Base; path = Base.lproj/Main.storyboard; sourceTree = "<group>"; };
		273B945F1C8695D0002CE44D /* Assets.xcassets */ = {isa = PBXFileReference; lastKnownFileType = folder.assetcatalog; path = Assets.xcassets; sourceTree = "<group>"; };
		273B94621C8695D0002CE44D /* Base */ = {isa = PBXFileReference; lastKnownFileType = file.storyboard; name = Base; path = Base.lproj/LaunchScreen.storyboard; sourceTree = "<group>"; };
		273B94641C8695D0002CE44D /* Info.plist */ = {isa = PBXFileReference; lastKnownFileType = text.plist.xml; path = Info.plist; sourceTree = "<group>"; };
		3C26F6B4A0EC98413D5FB871 /* Pods-instagramma.release.xcconfig */ = {isa = PBXFileReference; includeInIndex = 1; lastKnownFileType = text.xcconfig; name = "Pods-instagramma.release.xcconfig"; path = "Pods/Target Support Files/Pods-instagramma/Pods-instagramma.release.xcconfig"; sourceTree = "<group>"; };
		92FE2F89F3934836EA634B11 /* Pods_instagramma.framework */ = {isa = PBXFileReference; explicitFileType = wrapper.framework; includeInIndex = 0; path = Pods_instagramma.framework; sourceTree = BUILT_PRODUCTS_DIR; };
		B8CF652150854EA6FDF76B33 /* Pods-instagramma.debug.xcconfig */ = {isa = PBXFileReference; includeInIndex = 1; lastKnownFileType = text.xcconfig; name = "Pods-instagramma.debug.xcconfig"; path = "Pods/Target Support Files/Pods-instagramma/Pods-instagramma.debug.xcconfig"; sourceTree = "<group>"; };
/* End PBXFileReference section */

/* Begin PBXFrameworksBuildPhase section */
		273B94521C8695D0002CE44D /* Frameworks */ = {
			isa = PBXFrameworksBuildPhase;
			buildActionMask = 2147483647;
			files = (
				A40FB2D893EC37C20FA93C98 /* Pods_instagramma.framework in Frameworks */,
			);
			runOnlyForDeploymentPostprocessing = 0;
		};
/* End PBXFrameworksBuildPhase section */

/* Begin PBXGroup section */
		273B944C1C8695D0002CE44D = {
			isa = PBXGroup;
			children = (
				273B94571C8695D0002CE44D /* instagramma */,
				273B94561C8695D0002CE44D /* Products */,
				FD015DDCFDD8C164D693E3D7 /* Pods */,
				E037DFF063CB07D3F172B1D7 /* Frameworks */,
			);
			sourceTree = "<group>";
		};
		273B94561C8695D0002CE44D /* Products */ = {
			isa = PBXGroup;
			children = (
				273B94551C8695D0002CE44D /* instagramma.app */,
			);
			name = Products;
			sourceTree = "<group>";
		};
		273B94571C8695D0002CE44D /* instagramma */ = {
			isa = PBXGroup;
			children = (
				273B94581C8695D0002CE44D /* AppDelegate.swift */,
				271D6A061C86A28A00036B97 /* LoginViewController.swift */,
				273B945A1C8695D0002CE44D /* ViewController.swift */,
				273B945C1C8695D0002CE44D /* Main.storyboard */,
				273B945F1C8695D0002CE44D /* Assets.xcassets */,
				273B94611C8695D0002CE44D /* LaunchScreen.storyboard */,
				273B94641C8695D0002CE44D /* Info.plist */,
			);
			path = instagramma;
			sourceTree = "<group>";
		};
		E037DFF063CB07D3F172B1D7 /* Frameworks */ = {
			isa = PBXGroup;
			children = (
				92FE2F89F3934836EA634B11 /* Pods_instagramma.framework */,
			);
			name = Frameworks;
			sourceTree = "<group>";
		};
		FD015DDCFDD8C164D693E3D7 /* Pods */ = {
			isa = PBXGroup;
			children = (
				B8CF652150854EA6FDF76B33 /* Pods-instagramma.debug.xcconfig */,
				3C26F6B4A0EC98413D5FB871 /* Pods-instagramma.release.xcconfig */,
			);
			name = Pods;
			sourceTree = "<group>";
		};
/* End PBXGroup section */

/* Begin PBXNativeTarget section */
		273B94541C8695D0002CE44D /* instagramma */ = {
			isa = PBXNativeTarget;
			buildConfigurationList = 273B94671C8695D0002CE44D /* Build configuration list for PBXNativeTarget "instagramma" */;
			buildPhases = (
				3B1E97430935BF76D18714AD /* Check Pods Manifest.lock */,
				273B94511C8695D0002CE44D /* Sources */,
				273B94521C8695D0002CE44D /* Frameworks */,
				273B94531C8695D0002CE44D /* Resources */,
				3C6BE817110A14129B8781B2 /* Embed Pods Frameworks */,
				185702E0C2BE68375E7E2B76 /* Copy Pods Resources */,
			);
			buildRules = (
			);
			dependencies = (
			);
			name = instagramma;
			productName = instagramma;
			productReference = 273B94551C8695D0002CE44D /* instagramma.app */;
			productType = "com.apple.product-type.application";
		};
/* End PBXNativeTarget section */

/* Begin PBXProject section */
		273B944D1C8695D0002CE44D /* Project object */ = {
			isa = PBXProject;
			attributes = {
				LastSwiftUpdateCheck = 0720;
				LastUpgradeCheck = 0720;
				ORGANIZATIONNAME = ez;
				TargetAttributes = {
					273B94541C8695D0002CE44D = {
						CreatedOnToolsVersion = 7.2;
					};
				};
			};
			buildConfigurationList = 273B94501C8695D0002CE44D /* Build configuration list for PBXProject "instagramma" */;
			compatibilityVersion = "Xcode 3.2";
			developmentRegion = English;
			hasScannedForEncodings = 0;
			knownRegions = (
				en,
				Base,
			);
			mainGroup = 273B944C1C8695D0002CE44D;
			productRefGroup = 273B94561C8695D0002CE44D /* Products */;
			projectDirPath = "";
			projectRoot = "";
			targets = (
				273B94541C8695D0002CE44D /* instagramma */,
			);
		};
/* End PBXProject section */

/* Begin PBXResourcesBuildPhase section */
		273B94531C8695D0002CE44D /* Resources */ = {
			isa = PBXResourcesBuildPhase;
			buildActionMask = 2147483647;
			files = (
				273B94631C8695D0002CE44D /* LaunchScreen.storyboard in Resources */,
				273B94601C8695D0002CE44D /* Assets.xcassets in Resources */,
				273B945E1C8695D0002CE44D /* Main.storyboard in Resources */,
			);
			runOnlyForDeploymentPostprocessing = 0;
		};
/* End PBXResourcesBuildPhase section */

/* Begin PBXShellScriptBuildPhase section */
		185702E0C2BE68375E7E2B76 /* Copy Pods Resources */ = {
			isa = PBXShellScriptBuildPhase;
			buildActionMask = 2147483647;
			files = (
			);
			inputPaths = (
			);
			name = "Copy Pods Resources";
			outputPaths = (
			);
			runOnlyForDeploymentPostprocessing = 0;
			shellPath = /bin/sh;
			shellScript = "\"${SRCROOT}/Pods/Target Support Files/Pods-instagramma/Pods-instagramma-resources.sh\"\n";
			showEnvVarsInLog = 0;
		};
		3B1E97430935BF76D18714AD /* Check Pods Manifest.lock */ = {
			isa = PBXShellScriptBuildPhase;
			buildActionMask = 2147483647;
			files = (
			);
			inputPaths = (
			);
			name = "Check Pods Manifest.lock";
			outputPaths = (
			);
			runOnlyForDeploymentPostprocessing = 0;
			shellPath = /bin/sh;
			shellScript = "diff \"${PODS_ROOT}/../Podfile.lock\" \"${PODS_ROOT}/Manifest.lock\" > /dev/null\nif [[ $? != 0 ]] ; then\n    cat << EOM\nerror: The sandbox is not in sync with the Podfile.lock. Run 'pod install' or update your CocoaPods installation.\nEOM\n    exit 1\nfi\n";
			showEnvVarsInLog = 0;
		};
		3C6BE817110A14129B8781B2 /* Embed Pods Frameworks */ = {
			isa = PBXShellScriptBuildPhase;
			buildActionMask = 2147483647;
			files = (
			);
			inputPaths = (
			);
			name = "Embed Pods Frameworks";
			outputPaths = (
			);
			runOnlyForDeploymentPostprocessing = 0;
			shellPath = /bin/sh;
			shellScript = "\"${SRCROOT}/Pods/Target Support Files/Pods-instagramma/Pods-instagramma-frameworks.sh\"\n";
			showEnvVarsInLog = 0;
		};
/* End PBXShellScriptBuildPhase section */

/* Begin PBXSourcesBuildPhase section */
		273B94511C8695D0002CE44D /* Sources */ = {
			isa = PBXSourcesBuildPhase;
			buildActionMask = 2147483647;
			files = (
				271D6A071C86A28A00036B97 /* LoginViewController.swift in Sources */,
				273B945B1C8695D0002CE44D /* ViewController.swift in Sources */,
				273B94591C8695D0002CE44D /* AppDelegate.swift in Sources */,
			);
			runOnlyForDeploymentPostprocessing = 0;
		};
/* End PBXSourcesBuildPhase section */

/* Begin PBXVariantGroup section */
		273B945C1C8695D0002CE44D /* Main.storyboard */ = {
			isa = PBXVariantGroup;
			children = (
				273B945D1C8695D0002CE44D /* Base */,
			);
			name = Main.storyboard;
			sourceTree = "<group>";
		};
		273B94611C8695D0002CE44D /* LaunchScreen.storyboard */ = {
			isa = PBXVariantGroup;
			children = (
				273B94621C8695D0002CE44D /* Base */,
			);
			name = LaunchScreen.storyboard;
			sourceTree = "<group>";
		};
/* End PBXVariantGroup section */

/* Begin XCBuildConfiguration section */
		273B94651C8695D0002CE44D /* Debug */ = {
			isa = XCBuildConfiguration;
			buildSettings = {
				ALWAYS_SEARCH_USER_PATHS = NO;
				CLANG_CXX_LANGUAGE_STANDARD = "gnu++0x";
				CLANG_CXX_LIBRARY = "libc++";
				CLANG_ENABLE_MODULES = YES;
				CLANG_ENABLE_OBJC_ARC = YES;
				CLANG_WARN_BOOL_CONVERSION = YES;
				CLANG_WARN_CONSTANT_CONVERSION = YES;
				CLANG_WARN_DIRECT_OBJC_ISA_USAGE = YES_ERROR;
				CLANG_WARN_EMPTY_BODY = YES;
				CLANG_WARN_ENUM_CONVERSION = YES;
				CLANG_WARN_INT_CONVERSION = YES;
				CLANG_WARN_OBJC_ROOT_CLASS = YES_ERROR;
				CLANG_WARN_UNREACHABLE_CODE = YES;
				CLANG_WARN__DUPLICATE_METHOD_MATCH = YES;
				"CODE_SIGN_IDENTITY[sdk=iphoneos*]" = "iPhone Developer";
				COPY_PHASE_STRIP = NO;
				DEBUG_INFORMATION_FORMAT = dwarf;
				ENABLE_STRICT_OBJC_MSGSEND = YES;
				ENABLE_TESTABILITY = YES;
				GCC_C_LANGUAGE_STANDARD = gnu99;
				GCC_DYNAMIC_NO_PIC = NO;
				GCC_NO_COMMON_BLOCKS = YES;
				GCC_OPTIMIZATION_LEVEL = 0;
				GCC_PREPROCESSOR_DEFINITIONS = (
					"DEBUG=1",
					"$(inherited)",
				);
				GCC_WARN_64_TO_32_BIT_CONVERSION = YES;
				GCC_WARN_ABOUT_RETURN_TYPE = YES_ERROR;
				GCC_WARN_UNDECLARED_SELECTOR = YES;
				GCC_WARN_UNINITIALIZED_AUTOS = YES_AGGRESSIVE;
				GCC_WARN_UNUSED_FUNCTION = YES;
				GCC_WARN_UNUSED_VARIABLE = YES;
				IPHONEOS_DEPLOYMENT_TARGET = 9.2;
				MTL_ENABLE_DEBUG_INFO = YES;
				ONLY_ACTIVE_ARCH = YES;
				SDKROOT = iphoneos;
				SWIFT_OPTIMIZATION_LEVEL = "-Onone";
			};
			name = Debug;
		};
		273B94661C8695D0002CE44D /* Release */ = {
			isa = XCBuildConfiguration;
			buildSettings = {
				ALWAYS_SEARCH_USER_PATHS = NO;
				CLANG_CXX_LANGUAGE_STANDARD = "gnu++0x";
				CLANG_CXX_LIBRARY = "libc++";
				CLANG_ENABLE_MODULES = YES;
				CLANG_ENABLE_OBJC_ARC = YES;
				CLANG_WARN_BOOL_CONVERSION = YES;
				CLANG_WARN_CONSTANT_CONVERSION = YES;
				CLANG_WARN_DIRECT_OBJC_ISA_USAGE = YES_ERROR;
				CLANG_WARN_EMPTY_BODY = YES;
				CLANG_WARN_ENUM_CONVERSION = YES;
				CLANG_WARN_INT_CONVERSION = YES;
				CLANG_WARN_OBJC_ROOT_CLASS = YES_ERROR;
				CLANG_WARN_UNREACHABLE_CODE = YES;
				CLANG_WARN__DUPLICATE_METHOD_MATCH = YES;
				"CODE_SIGN_IDENTITY[sdk=iphoneos*]" = "iPhone Developer";
				COPY_PHASE_STRIP = NO;
				DEBUG_INFORMATION_FORMAT = "dwarf-with-dsym";
				ENABLE_NS_ASSERTIONS = NO;
				ENABLE_STRICT_OBJC_MSGSEND = YES;
				GCC_C_LANGUAGE_STANDARD = gnu99;
				GCC_NO_COMMON_BLOCKS = YES;
				GCC_WARN_64_TO_32_BIT_CONVERSION = YES;
				GCC_WARN_ABOUT_RETURN_TYPE = YES_ERROR;
				GCC_WARN_UNDECLARED_SELECTOR = YES;
				GCC_WARN_UNINITIALIZED_AUTOS = YES_AGGRESSIVE;
				GCC_WARN_UNUSED_FUNCTION = YES;
				GCC_WARN_UNUSED_VARIABLE = YES;
				IPHONEOS_DEPLOYMENT_TARGET = 9.2;
				MTL_ENABLE_DEBUG_INFO = NO;
				SDKROOT = iphoneos;
				VALIDATE_PRODUCT = YES;
			};
			name = Release;
		};
		273B94681C8695D0002CE44D /* Debug */ = {
			isa = XCBuildConfiguration;
			baseConfigurationReference = B8CF652150854EA6FDF76B33 /* Pods-instagramma.debug.xcconfig */;
			buildSettings = {
				ASSETCATALOG_COMPILER_APPICON_NAME = AppIcon;
				INFOPLIST_FILE = instagramma/Info.plist;
				LD_RUNPATH_SEARCH_PATHS = "$(inherited) @executable_path/Frameworks";
				PRODUCT_BUNDLE_IDENTIFIER = com.ez.instagramma;
				PRODUCT_NAME = "$(TARGET_NAME)";
			};
			name = Debug;
		};
		273B94691C8695D0002CE44D /* Release */ = {
			isa = XCBuildConfiguration;
			baseConfigurationReference = 3C26F6B4A0EC98413D5FB871 /* Pods-instagramma.release.xcconfig */;
			buildSettings = {
				ASSETCATALOG_COMPILER_APPICON_NAME = AppIcon;
				INFOPLIST_FILE = instagramma/Info.plist;
				LD_RUNPATH_SEARCH_PATHS = "$(inherited) @executable_path/Frameworks";
				PRODUCT_BUNDLE_IDENTIFIER = com.ez.instagramma;
				PRODUCT_NAME = "$(TARGET_NAME)";
			};
			name = Release;
		};
/* End XCBuildConfiguration section */

/* Begin XCConfigurationList section */
		273B94501C8695D0002CE44D /* Build configuration list for PBXProject "instagramma" */ = {
			isa = XCConfigurationList;
			buildConfigurations = (
				273B94651C8695D0002CE44D /* Debug */,
				273B94661C8695D0002CE44D /* Release */,
			);
			defaultConfigurationIsVisible = 0;
			defaultConfigurationName = Release;
		};
		273B94671C8695D0002CE44D /* Build configuration list for PBXNativeTarget "instagramma" */ = {
			isa = XCConfigurationList;
			buildConfigurations = (
				273B94681C8695D0002CE44D /* Debug */,
				273B94691C8695D0002CE44D /* Release */,
			);
			defaultConfigurationIsVisible = 0;
			defaultConfigurationName = Release;
		};
/* End XCConfigurationList section */
	};
	rootObject = 273B944D1C8695D0002CE44D /* Project object */;
}
